
Microsoft Visual Studio Solution File, Format Version 12.00
# Visual Studio Version 17
VisualStudioVersion = 17.4.33213.308
MinimumVisualStudioVersion = 10.0.40219.1
Project("{9A19103F-16F7-4668-BE54-9A1E7A4F7556}") = "Mc2.CrudTest.Presentation.Client", "Mc2.CrudTest.Presentation\Client\Mc2.CrudTest.Presentation.Client.csproj", "{817C1B83-0CAC-4345-A0BE-5CCF30B15C26}"
EndProject
Project("{2150E333-8FDC-42A3-9474-1A3956D46DE8}") = "Tests", "Tests", "{E072B401-0C08-4BCB-8163-58A80BDDEB69}"
EndProject
Project("{9A19103F-16F7-4668-BE54-9A1E7A4F7556}") = "DomainTests", "DomainTests\DomainTests.csproj", "{3772AE3F-4062-4459-8F36-EA5ACDAB7F0C}"
EndProject
Project("{2150E333-8FDC-42A3-9474-1A3956D46DE8}") = "1.Domain", "1.Domain", "{E3C70337-7807-4F2C-B48E-8CD11A122E50}"
EndProject
Project("{9A19103F-16F7-4668-BE54-9A1E7A4F7556}") = "Domain", "Domain\Domain.csproj", "{C0ADB933-EBEF-45F3-A1FA-C164A921C9A5}"
EndProject
Project("{9A19103F-16F7-4668-BE54-9A1E7A4F7556}") = "Domain.Contract", "Domain.Contract\Domain.Contract.csproj", "{26E8FD3C-8D2F-4C86-B0B5-64C2EAA8B187}"
EndProject
Project("{2150E333-8FDC-42A3-9474-1A3956D46DE8}") = "2.Application", "2.Application", "{0FF4153B-B998-42EF-B818-D07A0CFA7B1B}"
EndProject
Project("{9A19103F-16F7-4668-BE54-9A1E7A4F7556}") = "Application", "Application\Application.csproj", "{ACFACAF4-107E-4CD3-BAF0-31A56AD33A5E}"
EndProject
Project("{2150E333-8FDC-42A3-9474-1A3956D46DE8}") = "3.Infrastructure", "3.Infrastructure", "{1D5EE1AB-EAD8-446F-BD72-3FFCB64096D4}"
EndProject
Project("{9A19103F-16F7-4668-BE54-9A1E7A4F7556}") = "Infrastructure", "Infrastructure\Infrastructure.csproj", "{66CA68EB-5DBA-458B-B61B-3B2BC88757A4}"
EndProject
Project("{9A19103F-16F7-4668-BE54-9A1E7A4F7556}") = "ApplicationContract", "ApplicationContract\ApplicationContract.csproj", "{7028951C-5ECF-474C-A56F-198AA9E440A2}"
EndProject
Project("{9A19103F-16F7-4668-BE54-9A1E7A4F7556}") = "ApplicationTests", "ApplicationTests\ApplicationTests.csproj", "{1EF735F7-6788-4BCE-A7E2-50F52D707370}"
EndProject
Project("{9A19103F-16F7-4668-BE54-9A1E7A4F7556}") = "InfrastructureTests", "InfrastructureTests\InfrastructureTests.csproj", "{B43B23F6-FC7C-4DE8-A228-5E24C6E805DA}"
EndProject
Project("{9A19103F-16F7-4668-BE54-9A1E7A4F7556}") = "CommonTests", "CommonTests\CommonTests.csproj", "{4361EB5B-BC37-46FA-8CD9-C643C61351DE}"
EndProject
Project("{2150E333-8FDC-42A3-9474-1A3956D46DE8}") = "4.Endpoint", "4.Endpoint", "{C49B6600-A025-41AD-9FFE-D270C2CEC2CF}"
EndProject
Project("{9A19103F-16F7-4668-BE54-9A1E7A4F7556}") = "Crud.Presentation.Server", "Crud.Presentation.Server\Crud.Presentation.Server.csproj", "{756D6796-57DA-42B4-8B6E-856A2A129745}"
EndProject
Project("{9A19103F-16F7-4668-BE54-9A1E7A4F7556}") = "AcceptanceTests", "AcceptanceTests\AcceptanceTests.csproj", "{16E17FE7-DEC8-4C27-8792-274193600695}"
EndProject
Global
	GlobalSection(SolutionConfigurationPlatforms) = preSolution
		Debug|Any CPU = Debug|Any CPU
		Release|Any CPU = Release|Any CPU
	EndGlobalSection
	GlobalSection(ProjectConfigurationPlatforms) = postSolution
		{817C1B83-0CAC-4345-A0BE-5CCF30B15C26}.Debug|Any CPU.ActiveCfg = Debug|Any CPU
		{817C1B83-0CAC-4345-A0BE-5CCF30B15C26}.Debug|Any CPU.Build.0 = Debug|Any CPU
		{817C1B83-0CAC-4345-A0BE-5CCF30B15C26}.Release|Any CPU.ActiveCfg = Release|Any CPU
		{817C1B83-0CAC-4345-A0BE-5CCF30B15C26}.Release|Any CPU.Build.0 = Release|Any CPU
		{3772AE3F-4062-4459-8F36-EA5ACDAB7F0C}.Debug|Any CPU.ActiveCfg = Debug|Any CPU
		{3772AE3F-4062-4459-8F36-EA5ACDAB7F0C}.Debug|Any CPU.Build.0 = Debug|Any CPU
		{3772AE3F-4062-4459-8F36-EA5ACDAB7F0C}.Release|Any CPU.ActiveCfg = Release|Any CPU
		{3772AE3F-4062-4459-8F36-EA5ACDAB7F0C}.Release|Any CPU.Build.0 = Release|Any CPU
		{C0ADB933-EBEF-45F3-A1FA-C164A921C9A5}.Debug|Any CPU.ActiveCfg = Debug|Any CPU
		{C0ADB933-EBEF-45F3-A1FA-C164A921C9A5}.Debug|Any CPU.Build.0 = Debug|Any CPU
		{C0ADB933-EBEF-45F3-A1FA-C164A921C9A5}.Release|Any CPU.ActiveCfg = Release|Any CPU
		{C0ADB933-EBEF-45F3-A1FA-C164A921C9A5}.Release|Any CPU.Build.0 = Release|Any CPU
		{26E8FD3C-8D2F-4C86-B0B5-64C2EAA8B187}.Debug|Any CPU.ActiveCfg = Debug|Any CPU
		{26E8FD3C-8D2F-4C86-B0B5-64C2EAA8B187}.Debug|Any CPU.Build.0 = Debug|Any CPU
		{26E8FD3C-8D2F-4C86-B0B5-64C2EAA8B187}.Release|Any CPU.ActiveCfg = Release|Any CPU
		{26E8FD3C-8D2F-4C86-B0B5-64C2EAA8B187}.Release|Any CPU.Build.0 = Release|Any CPU
		{ACFACAF4-107E-4CD3-BAF0-31A56AD33A5E}.Debug|Any CPU.ActiveCfg = Debug|Any CPU
		{ACFACAF4-107E-4CD3-BAF0-31A56AD33A5E}.Debug|Any CPU.Build.0 = Debug|Any CPU
		{ACFACAF4-107E-4CD3-BAF0-31A56AD33A5E}.Release|Any CPU.ActiveCfg = Release|Any CPU
		{ACFACAF4-107E-4CD3-BAF0-31A56AD33A5E}.Release|Any CPU.Build.0 = Release|Any CPU
		{66CA68EB-5DBA-458B-B61B-3B2BC88757A4}.Debug|Any CPU.ActiveCfg = Debug|Any CPU
		{66CA68EB-5DBA-458B-B61B-3B2BC88757A4}.Debug|Any CPU.Build.0 = Debug|Any CPU
		{66CA68EB-5DBA-458B-B61B-3B2BC88757A4}.Release|Any CPU.ActiveCfg = Release|Any CPU
		{66CA68EB-5DBA-458B-B61B-3B2BC88757A4}.Release|Any CPU.Build.0 = Release|Any CPU
		{7028951C-5ECF-474C-A56F-198AA9E440A2}.Debug|Any CPU.ActiveCfg = Debug|Any CPU
		{7028951C-5ECF-474C-A56F-198AA9E440A2}.Debug|Any CPU.Build.0 = Debug|Any CPU
		{7028951C-5ECF-474C-A56F-198AA9E440A2}.Release|Any CPU.ActiveCfg = Release|Any CPU
		{7028951C-5ECF-474C-A56F-198AA9E440A2}.Release|Any CPU.Build.0 = Release|Any CPU
		{1EF735F7-6788-4BCE-A7E2-50F52D707370}.Debug|Any CPU.ActiveCfg = Debug|Any CPU
		{1EF735F7-6788-4BCE-A7E2-50F52D707370}.Debug|Any CPU.Build.0 = Debug|Any CPU
		{1EF735F7-6788-4BCE-A7E2-50F52D707370}.Release|Any CPU.ActiveCfg = Release|Any CPU
		{1EF735F7-6788-4BCE-A7E2-50F52D707370}.Release|Any CPU.Build.0 = Release|Any CPU
		{B43B23F6-FC7C-4DE8-A228-5E24C6E805DA}.Debug|Any CPU.ActiveCfg = Debug|Any CPU
		{B43B23F6-FC7C-4DE8-A228-5E24C6E805DA}.Debug|Any CPU.Build.0 = Debug|Any CPU
		{B43B23F6-FC7C-4DE8-A228-5E24C6E805DA}.Release|Any CPU.ActiveCfg = Release|Any CPU
		{B43B23F6-FC7C-4DE8-A228-5E24C6E805DA}.Release|Any CPU.Build.0 = Release|Any CPU
		{4361EB5B-BC37-46FA-8CD9-C643C61351DE}.Debug|Any CPU.ActiveCfg = Debug|Any CPU
		{4361EB5B-BC37-46FA-8CD9-C643C61351DE}.Debug|Any CPU.Build.0 = Debug|Any CPU
		{4361EB5B-BC37-46FA-8CD9-C643C61351DE}.Release|Any CPU.ActiveCfg = Release|Any CPU
		{4361EB5B-BC37-46FA-8CD9-C643C61351DE}.Release|Any CPU.Build.0 = Release|Any CPU
		{756D6796-57DA-42B4-8B6E-856A2A129745}.Debug|Any CPU.ActiveCfg = Debug|Any CPU
		{756D6796-57DA-42B4-8B6E-856A2A129745}.Debug|Any CPU.Build.0 = Debug|Any CPU
		{756D6796-57DA-42B4-8B6E-856A2A129745}.Release|Any CPU.ActiveCfg = Release|Any CPU
		{756D6796-57DA-42B4-8B6E-856A2A129745}.Release|Any CPU.Build.0 = Release|Any CPU
		{16E17FE7-DEC8-4C27-8792-274193600695}.Debug|Any CPU.ActiveCfg = Debug|Any CPU
		{16E17FE7-DEC8-4C27-8792-274193600695}.Debug|Any CPU.Build.0 = Debug|Any CPU
		{16E17FE7-DEC8-4C27-8792-274193600695}.Release|Any CPU.ActiveCfg = Release|Any CPU
		{16E17FE7-DEC8-4C27-8792-274193600695}.Release|Any CPU.Build.0 = Release|Any CPU
	EndGlobalSection
	GlobalSection(SolutionProperties) = preSolution
		HideSolutionNode = FALSE
	EndGlobalSection
	GlobalSection(NestedProjects) = preSolution
		{3772AE3F-4062-4459-8F36-EA5ACDAB7F0C} = {E072B401-0C08-4BCB-8163-58A80BDDEB69}
		{C0ADB933-EBEF-45F3-A1FA-C164A921C9A5} = {E3C70337-7807-4F2C-B48E-8CD11A122E50}
		{26E8FD3C-8D2F-4C86-B0B5-64C2EAA8B187} = {E3C70337-7807-4F2C-B48E-8CD11A122E50}
		{ACFACAF4-107E-4CD3-BAF0-31A56AD33A5E} = {0FF4153B-B998-42EF-B818-D07A0CFA7B1B}
		{66CA68EB-5DBA-458B-B61B-3B2BC88757A4} = {1D5EE1AB-EAD8-446F-BD72-3FFCB64096D4}
		{7028951C-5ECF-474C-A56F-198AA9E440A2} = {0FF4153B-B998-42EF-B818-D07A0CFA7B1B}
		{1EF735F7-6788-4BCE-A7E2-50F52D707370} = {E072B401-0C08-4BCB-8163-58A80BDDEB69}
		{B43B23F6-FC7C-4DE8-A228-5E24C6E805DA} = {E072B401-0C08-4BCB-8163-58A80BDDEB69}
		{4361EB5B-BC37-46FA-8CD9-C643C61351DE} = {E072B401-0C08-4BCB-8163-58A80BDDEB69}
		{756D6796-57DA-42B4-8B6E-856A2A129745} = {C49B6600-A025-41AD-9FFE-D270C2CEC2CF}
		{16E17FE7-DEC8-4C27-8792-274193600695} = {E072B401-0C08-4BCB-8163-58A80BDDEB69}
	EndGlobalSection
	GlobalSection(ExtensibilityGlobals) = postSolution
		SolutionGuid = {4B5A26C9-68C1-49D9-9F32-AF907A1730C2}
	EndGlobalSection
EndGlobal
